// !$*UTF8*$!
{
	archiveVersion = 1;
	classes = {
	};
	objectVersion = 77;
	objects = {

/* Begin PBXBuildFile section */
		092BE58430290339009BF883 /* WebRTC.xcframework in Frameworks */ = {isa = PBXBuildFile; fileRef = 092BE58330290339009BF883 /* WebRTC.xcframework */; };
		092BE58530290339009BF883 /* WebRTC.xcframework in Embed Frameworks */ = {isa = PBXBuildFile; fileRef = 092BE58330290339009BF883 /* WebRTC.xcframework */; settings = {ATTRIBUTES = (CodeSignOnCopy, RemoveHeadersOnCopy, ); }; };
		09A9DAC92FC20A6B00EB966D /* CachedAsyncImage in Frameworks */ = {isa = PBXBuildFile; productRef = 09A9DAC82FC20A6B00EB966D /* CachedAsyncImage */; };
		09A9DB172FC3DFA700EB966D /* WrapLayout in Frameworks */ = {isa = PBXBuildFile; productRef = 09A9DB162FC3DFA700EB966D /* WrapLayout */; };
/* End PBXBuildFile section */

/* Begin PBXContainerItemProxy section */
		09A9DA8D2FC0B4BD00EB966D /* PBXContainerItemProxy */ = {
			isa = PBXContainerItemProxy;
			containerPortal = 09A9DA732FC0B4BC00EB966D /* Project object */;
			proxyType = 1;
			remoteGlobalIDString = 09A9DA7A2FC0B4BC00EB966D;
			remoteInfo = iqra;
		};
		09A9DA972FC0B4BD00EB966D /* PBXContainerItemProxy */ = {
			isa = PBXContainerItemProxy;
			containerPortal = 09A9DA732FC0B4BC00EB966D /* Project object */;
			proxyType = 1;
			remoteGlobalIDString = 09A9DA7A2FC0B4BC00EB966D;
			remoteInfo = iqra;
		};
/* End PBXContainerItemProxy section */

/* Begin PBXCopyFilesBuildPhase section */
		092BE58630290339009BF883 /* Embed Frameworks */ = {
			isa = PBXCopyFilesBuildPhase;
			buildActionMask = 2147483647;
			dstPath = "";
			dstSubfolderSpec = 10;
			files = (
				092BE58530290339009BF883 /* WebRTC.xcframework in Embed Frameworks */,
			);
			name = "Embed Frameworks";
			runOnlyForDeploymentPostprocessing = 0;
		};
/* End PBXCopyFilesBuildPhase section */

/* Begin PBXFileReference section */
		092BE58330290339009BF883 /* WebRTC.xcframework */ = {isa = PBXFileReference; lastKnownFileType = wrapper.xcframework; path = WebRTC.xcframework; sourceTree = "<group>"; };
		09A9DA7B2FC0B4BC00EB966D /* iqra.app */ = {isa = PBXFileReference; explicitFileType = wrapper.application; includeInIndex = 0; path = iqra.app; sourceTree = BUILT_PRODUCTS_DIR; };
		09A9DA8C2FC0B4BD00EB966D /* iqraTests.xctest */ = {isa = PBXFileReference; explicitFileType = wrapper.cfbundle; includeInIndex = 0; path = iqraTests.xctest; sourceTree = BUILT_PRODUCTS_DIR; };
		09A9DA962FC0B4BD00EB966D /* iqraUITests.xctest */ = {isa = PBXFileReference; explicitFileType = wrapper.cfbundle; includeInIndex = 0; path = iqraUITests.xctest; sourceTree = BUILT_PRODUCTS_DIR; };
/* End PBXFileReference section */

/* Begin PBXFileSystemSynchronizedBuildFileExceptionSet section */
		09A9DA9E2FC0B4BD00EB966D /* Exceptions for "iqra" folder in "iqra" target */ = {
			isa = PBXFileSystemSynchronizedBuildFileExceptionSet;
			membershipExceptions = (
				Info.plist,
			);
			target = 09A9DA7A2FC0B4BC00EB966D /* iqra */;
		};
/* End PBXFileSystemSynchronizedBuildFileExceptionSet section */

/* Begin PBXFileSystemSynchronizedRootGroup section */
		09A9DA7D2FC0B4BC00EB966D /* iqra */ = {
			isa = PBXFileSystemSynchronizedRootGroup;
			exceptions = (
				09A9DA9E2FC0B4BD00EB966D /* Exceptions for "iqra" folder in "iqra" target */,
			);
			path = iqra;
			sourceTree = "<group>";
		};
		09A9DA8F2FC0B4BD00EB966D /* iqraTests */ = {
			isa = PBXFileSystemSynchronizedRootGroup;
			path = iqraTests;
			sourceTree = "<group>";
		};
		09A9DA992FC0B4BD00EB966D /* iqraUITests */ = {
			isa = PBXFileSystemSynchronizedRootGroup;
			path = iqraUITests;
			sourceTree = "<group>";
		};
/* End PBXFileSystemSynchronizedRootGroup section */

/* Begin PBXFrameworksBuildPhase section */
		09A9DA782FC0B4BC00EB966D /* Frameworks */ = {
			isa = PBXFrameworksBuildPhase;
			buildActionMask = 2147483647;
			files = (
				09A9DB172FC3DFA700EB966D /* WrapLayout in Frameworks */,
				09A9DAC92FC20A6B00EB966D /* CachedAsyncImage in Frameworks */,
				092BE58430290339009BF883 /* WebRTC.xcframework in Frameworks */,
			);
			runOnlyForDeploymentPostprocessing = 0;
		};
		09A9DA892FC0B4BD00EB966D /* Frameworks */ = {
			isa = PBXFrameworksBuildPhase;
			buildActionMask = 2147483647;
			files = (
			);
			runOnlyForDeploymentPostprocessing = 0;
		};
		09A9DA932FC0B4BD00EB966D /* Frameworks */ = {
			isa = PBXFrameworksBuildPhase;
			buildActionMask = 2147483647;
			files = (
			);
			runOnlyForDeploymentPostprocessing = 0;
		};
/* End PBXFrameworksBuildPhase section */

/* Begin PBXGroup section */
		09A9DA722FC0B4BC00EB966D = {
			isa = PBXGroup;
			children = (
				09A9DA7D2FC0B4BC00EB966D /* iqra */,
				092BE58330290339009BF883 /* WebRTC.xcframework */,
				09A9DA8F2FC0B4BD00EB966D /* iqraTests */,
				09A9DA992FC0B4BD00EB966D /* iqraUITests */,
				09A9DA7C2FC0B4BC00EB966D /* Products */,
			);
			sourceTree = "<group>";
		};
		09A9DA7C2FC0B4BC00EB966D /* Products */ = {
			isa = PBXGroup;
			children = (
				09A9DA7B2FC0B4BC00EB966D /* iqra.app */,
				09A9DA8C2FC0B4BD00EB966D /* iqraTests.xctest */,
				09A9DA962FC0B4BD00EB966D /* iqraUITests.xctest */,
			);
			name = Products;
			sourceTree = "<group>";
		};
/* End PBXGroup section */

/* Begin PBXNativeTarget section */
		09A9DA7A2FC0B4BC00EB966D /* iqra */ = {
			isa = PBXNativeTarget;
			buildConfigurationList = 09A9DA9F2FC0B4BD00EB966D /* Build configuration list for PBXNativeTarget "iqra" */;
			buildPhases = (
				09A9DA772FC0B4BC00EB966D /* Sources */,
				09A9DA782FC0B4BC00EB966D /* Frameworks */,
				09A9DA792FC0B4BC00EB966D /* Resources */,
				092BE58630290339009BF883 /* Embed Frameworks */,
			);
			buildRules = (
			);
			dependencies = (
			);
			fileSystemSynchronizedGroups = (
				09A9DA7D2FC0B4BC00EB966D /* iqra */,
			);
			name = iqra;
			packageProductDependencies = (
				09A9DAC82FC20A6B00EB966D /* CachedAsyncImage */,
				09A9DB162FC3DFA700EB966D /* WrapLayout */,
			);
			productName = iqra;
			productReference = 09A9DA7B2FC0B4BC00EB966D /* iqra.app */;
			productType = "com.apple.product-type.application";
		};
		09A9DA8B2FC0B4BD00EB966D /* iqraTests */ = {
			isa = PBXNativeTarget;
			buildConfigurationList = 09A9DAA42FC0B4BD00EB966D /* Build configuration list for PBXNativeTarget "iqraTests" */;
			buildPhases = (
				09A9DA882FC0B4BD00EB966D /* Sources */,
				09A9DA892FC0B4BD00EB966D /* Frameworks */,
				09A9DA8A2FC0B4BD00EB966D /* Resources */,
			);
			buildRules = (
			);
			dependencies = (
				09A9DA8E2FC0B4BD00EB966D /* PBXTargetDependency */,
			);
			fileSystemSynchronizedGroups = (
				09A9DA8F2FC0B4BD00EB966D /* iqraTests */,
			);
			name = iqraTests;
			packageProductDependencies = (
			);
			productName = iqraTests;
			productReference = 09A9DA8C2FC0B4BD00EB966D /* iqraTests.xctest */;
			productType = "com.apple.product-type.bundle.unit-test";
		};
		09A9DA952FC0B4BD00EB966D /* iqraUITests */ = {
			isa = PBXNativeTarget;
			buildConfigurationList = 09A9DAA72FC0B4BD00EB966D /* Build configuration list for PBXNativeTarget "iqraUITests" */;
			buildPhases = (
				09A9DA922FC0B4BD00EB966D /* Sources */,
				09A9DA932FC0B4BD00EB966D /* Frameworks */,
				09A9DA942FC0B4BD00EB966D /* Resources */,
			);
			buildRules = (
			);
			dependencies = (
				09A9DA982FC0B4BD00EB966D /* PBXTargetDependency */,
			);
			fileSystemSynchronizedGroups = (
				09A9DA992FC0B4BD00EB966D /* iqraUITests */,
			);
			name = iqraUITests;
			packageProductDependencies = (
			);
			productName = iqraUITests;
			productReference = 09A9DA962FC0B4BD00EB966D /* iqraUITests.xctest */;
			productType = "com.apple.product-type.bundle.ui-testing";
		};
/* End PBXNativeTarget section */

/* Begin PBXProject section */
		09A9DA732FC0B4BC00EB966D /* Project object */ = {
			isa = PBXProject;
			attributes = {
				BuildIndependentTargetsInParallel = 1;
				LastSwiftUpdateCheck = 1640;
				LastUpgradeCheck = 1640;
				TargetAttributes = {
					09A9DA7A2FC0B4BC00EB966D = {
						CreatedOnToolsVersion = 16.4;
					};
					09A9DA8B2FC0B4BD00EB966D = {
						CreatedOnToolsVersion = 16.4;
						TestTargetID = 09A9DA7A2FC0B4BC00EB966D;
					};
					09A9DA952FC0B4BD00EB966D = {
						CreatedOnToolsVersion = 16.4;
						TestTargetID = 09A9DA7A2FC0B4BC00EB966D;
					};
				};
			};
			buildConfigurationList = 09A9DA762FC0B4BC00EB966D /* Build configuration list for PBXProject "iqra" */;
			developmentRegion = en;
			hasScannedForEncodings = 0;
			knownRegions = (
				en,
				Base,
			);
			mainGroup = 09A9DA722FC0B4BC00EB966D;
			minimizedProjectReferenceProxies = 1;
			packageReferences = (
				09A9DAC72FC20A6B00EB966D /* XCRemoteSwiftPackageReference "CachedAsyncImage" */,
				09A9DB152FC3DFA700EB966D /* XCRemoteSwiftPackageReference "swiftui-WrapLayout" */,
			);
			preferredProjectObjectVersion = 77;
			productRefGroup = 09A9DA7C2FC0B4BC00EB966D /* Products */;
			projectDirPath = "";
			projectRoot = "";
			targets = (
				09A9DA7A2FC0B4BC00EB966D /* iqra */,
				09A9DA8B2FC0B4BD00EB966D /* iqraTests */,
				09A9DA952FC0B4BD00EB966D /* iqraUITests */,
			);
		};
/* End PBXProject section */

/* Begin PBXResourcesBuildPhase section */
		09A9DA792FC0B4BC00EB966D /* Resources */ = {
			isa = PBXResourcesBuildPhase;
			buildActionMask = 2147483647;
			files = (
			);
			runOnlyForDeploymentPostprocessing = 0;
		};
		09A9DA8A2FC0B4BD00EB966D /* Resources */ = {
			isa = PBXResourcesBuildPhase;
			buildActionMask = 2147483647;
			files = (
			);
			runOnlyForDeploymentPostprocessing = 0;
		};
		09A9DA942FC0B4BD00EB966D /* Resources */ = {
			isa = PBXResourcesBuildPhase;
			buildActionMask = 2147483647;
			files = (
			);
			runOnlyForDeploymentPostprocessing = 0;
		};
/* End PBXResourcesBuildPhase section */

/* Begin PBXSourcesBuildPhase section */
		09A9DA772FC0B4BC00EB966D /* Sources */ = {
			isa = PBXSourcesBuildPhase;
			buildActionMask = 2147483647;
			files = (
			);
			runOnlyForDeploymentPostprocessing = 0;
		};
		09A9DA882FC0B4BD00EB966D /* Sources */ = {
			isa = PBXSourcesBuildPhase;
			buildActionMask = 2147483647;
			files = (
			);
			runOnlyForDeploymentPostprocessing = 0;
		};
		09A9DA922FC0B4BD00EB966D /* Sources */ = {
			isa = PBXSourcesBuildPhase;
			buildActionMask = 2147483647;
			files = (
			);
			runOnlyForDeploymentPostprocessing = 0;
		};
/* End PBXSourcesBuildPhase section */

/* Begin PBXTargetDependency section */
		09A9DA8E2FC0B4BD00EB966D /* PBXTargetDependency */ = {
			isa = PBXTargetDependency;
			target = 09A9DA7A2FC0B4BC00EB966D /* iqra */;
			targetProxy = 09A9DA8D2FC0B4BD00EB966D /* PBXContainerItemProxy */;
		};
		09A9DA982FC0B4BD00EB966D /* PBXTargetDependency */ = {
			isa = PBXTargetDependency;
			target = 09A9DA7A2FC0B4BC00EB966D /* iqra */;
			targetProxy = 09A9DA972FC0B4BD00EB966D /* PBXContainerItemProxy */;
		};
/* End PBXTargetDependency section */

/* Begin XCBuildConfiguration section */
		09A9DAA02FC0B4BD00EB966D /* Debug */ = {
			isa = XCBuildConfiguration;
			buildSettings = {
				ASSETCATALOG_COMPILER_APPICON_NAME = AppIcon;
				ASSETCATALOG_COMPILER_GLOBAL_ACCENT_COLOR_NAME = AccentColor;
				CODE_SIGN_ENTITLEMENTS = iqra/iqra.entitlements;
				CODE_SIGN_STYLE = Automatic;
				CURRENT_PROJECT_VERSION = 1;
				DEVELOPMENT_TEAM = HS6SZ7HUZS;
				ENABLE_PREVIEWS = YES;
				GENERATE_INFOPLIST_FILE = YES;
				INFOPLIST_FILE = iqra/Info.plist;
				INFOPLIST_KEY_UIApplicationSceneManifest_Generation = YES;
				INFOPLIST_KEY_UIApplicationSupportsIndirectInputEvents = YES;
				INFOPLIST_KEY_UILaunchScreen_Generation = YES;
				INFOPLIST_KEY_UISupportedInterfaceOrientations_iPad = "UIInterfaceOrientationPortrait UIInterfaceOrientationPortraitUpsideDown UIInterfaceOrientationLandscapeLeft UIInterfaceOrientationLandscapeRight";
				INFOPLIST_KEY_UISupportedInterfaceOrientations_iPhone = "UIInterfaceOrientationPortrait UIInterfaceOrientationLandscapeLeft UIInterfaceOrientationLandscapeRight";
				LD_RUNPATH_SEARCH_PATHS = (
					"$(inherited)",
					"@executable_path/Frameworks",
				);
				MARKETING_VERSION = 1.0;
				PRODUCT_BUNDLE_IDENTIFIER = com.ishteharhussain.iqra;
				PRODUCT_NAME = "$(TARGET_NAME)";
				SWIFT_EMIT_LOC_STRINGS = YES;
				SWIFT_VERSION = 5.0;
				TARGETED_DEVICE_FAMILY = "1,2";
			};
			name = Debug;
		};
		09A9DAA12FC0B4BD00EB966D /* Release */ = {
			isa = XCBuildConfiguration;
			buildSettings = {
				ASSETCATALOG_COMPILER_APPICON_NAME = AppIcon;
				ASSETCATALOG_COMPILER_GLOBAL_ACCENT_COLOR_NAME = AccentColor;
				CODE_SIGN_ENTITLEMENTS = iqra/iqra.entitlements;
				CODE_SIGN_STYLE = Automatic;
				CURRENT_PROJECT_VERSION = 1;
				DEVELOPMENT_TEAM = HS6SZ7HUZS;
				ENABLE_PREVIEWS = YES;
				GENERATE_INFOPLIST_FILE = YES;
				INFOPLIST_FILE = iqra/Info.plist;
				INFOPLIST_KEY_UIApplicationSceneManifest_Generation = YES;
				INFOPLIST_KEY_UIApplicationSupportsIndirectInputEvents = YES;
				INFOPLIST_KEY_UILaunchScreen_Generation = YES;
				INFOPLIST_KEY_UISupportedInterfaceOrientations_iPad = "UIInterfaceOrientationPortrait UIInterfaceOrientationPortraitUpsideDown UIInterfaceOrientationLandscapeLeft UIInterfaceOrientationLandscapeRight";
				INFOPLIST_KEY_UISupportedInterfaceOrientations_iPhone = "UIInterfaceOrientationPortrait UIInterfaceOrientationLandscapeLeft UIInterfaceOrientationLandscapeRight";
				LD_RUNPATH_SEARCH_PATHS = (
					"$(inherited)",
					"@executable_path/Frameworks",
				);
				MARKETING_VERSION = 1.0;
				PRODUCT_BUNDLE_IDENTIFIER = com.ishteharhussain.iqra;
				PRODUCT_NAME = "$(TARGET_NAME)";
				SWIFT_EMIT_LOC_STRINGS = YES;
				SWIFT_VERSION = 5.0;
				TARGETED_DEVICE_FAMILY = "1,2";
			};
			name = Release;
		};
		09A9DAA22FC0B4BD00EB966D /* Debug */ = {
			isa = XCBuildConfiguration;
			buildSettings = {
				ALWAYS_SEARCH_USER_PATHS = NO;
				ASSETCATALOG_COMPILER_GENERATE_SWIFT_ASSET_SYMBOL_EXTENSIONS = YES;
				CLANG_ANALYZER_NONNULL = YES;
				CLANG_ANALYZER_NUMBER_OBJECT_CONVERSION = YES_AGGRESSIVE;
				CLANG_CXX_LANGUAGE_STANDARD = "gnu++20";
				CLANG_ENABLE_MODULES = YES;
				CLANG_ENABLE_OBJC_ARC = YES;
				CLANG_ENABLE_OBJC_WEAK = YES;
				CLANG_WARN_BLOCK_CAPTURE_AUTORELEASING = YES;
				CLANG_WARN_BOOL_CONVERSION = YES;
				CLANG_WARN_COMMA = YES;
				CLANG_WARN_CONSTANT_CONVERSION = YES;
				CLANG_WARN_DEPRECATED_OBJC_IMPLEMENTATIONS = YES;
				CLANG_WARN_DIRECT_OBJC_ISA_USAGE = YES_ERROR;
				CLANG_WARN_DOCUMENTATION_COMMENTS = YES;
				CLANG_WARN_EMPTY_BODY = YES;
				CLANG_WARN_ENUM_CONVERSION = YES;
				CLANG_WARN_INFINITE_RECURSION = YES;
				CLANG_WARN_INT_CONVERSION = YES;
				CLANG_WARN_NON_LITERAL_NULL_CONVERSION = YES;
				CLANG_WARN_OBJC_IMPLICIT_RETAIN_SELF = YES;
				CLANG_WARN_OBJC_LITERAL_CONVERSION = YES;
				CLANG_WARN_OBJC_ROOT_CLASS = YES_ERROR;
				CLANG_WARN_QUOTED_INCLUDE_IN_FRAMEWORK_HEADER = YES;
				CLANG_WARN_RANGE_LOOP_ANALYSIS = YES;
				CLANG_WARN_STRICT_PROTOTYPES = YES;
				CLANG_WARN_SUSPICIOUS_MOVE = YES;
				CLANG_WARN_UNGUARDED_AVAILABILITY = YES_AGGRESSIVE;
				CLANG_WARN_UNREACHABLE_CODE = YES;
				CLANG_WARN__DUPLICATE_METHOD_MATCH = YES;
				COPY_PHASE_STRIP = NO;
				DEBUG_INFORMATION_FORMAT = dwarf;
				DEVELOPMENT_TEAM = HS6SZ7HUZS;
				ENABLE_STRICT_OBJC_MSGSEND = YES;
				ENABLE_TESTABILITY = YES;
				ENABLE_USER_SCRIPT_SANDBOXING = YES;
				GCC_C_LANGUAGE_STANDARD = gnu17;
				GCC_DYNAMIC_NO_PIC = NO;
				GCC_NO_COMMON_BLOCKS = YES;
				GCC_OPTIMIZATION_LEVEL = 0;
				GCC_PREPROCESSOR_DEFINITIONS = (
					"DEBUG=1",
					"$(inherited)",
				);
				GCC_WARN_64_TO_32_BIT_CONVERSION = YES;
				GCC_WARN_ABOUT_RETURN_TYPE = YES_ERROR;
				GCC_WARN_UNDECLARED_SELECTOR = YES;
				GCC_WARN_UNINITIALIZED_AUTOS = YES_AGGRESSIVE;
				GCC_WARN_UNUSED_FUNCTION = YES;
				GCC_WARN_UNUSED_VARIABLE = YES;
				IPHONEOS_DEPLOYMENT_TARGET = 18.5;
				LOCALIZATION_PREFERS_STRING_CATALOGS = YES;
				MTL_ENABLE_DEBUG_INFO = INCLUDE_SOURCE;
				MTL_FAST_MATH = YES;
				ONLY_ACTIVE_ARCH = YES;
				SDKROOT = iphoneos;
				SWIFT_ACTIVE_COMPILATION_CONDITIONS = "DEBUG $(inherited)";
				SWIFT_OPTIMIZATION_LEVEL = "-Onone";
			};
			name = Debug;
		};
		09A9DAA32FC0B4BD00EB966D /* Release */ = {
			isa = XCBuildConfiguration;
			buildSettings = {
				ALWAYS_SEARCH_USER_PATHS = NO;
				ASSETCATALOG_COMPILER_GENERATE_SWIFT_ASSET_SYMBOL_EXTENSIONS = YES;
				CLANG_ANALYZER_NONNULL = YES;
				CLANG_ANALYZER_NUMBER_OBJECT_CONVERSION = YES_AGGRESSIVE;
				CLANG_CXX_LANGUAGE_STANDARD = "gnu++20";
				CLANG_ENABLE_MODULES = YES;
				CLANG_ENABLE_OBJC_ARC = YES;
				CLANG_ENABLE_OBJC_WEAK = YES;
				CLANG_WARN_BLOCK_CAPTURE_AUTORELEASING = YES;
				CLANG_WARN_BOOL_CONVERSION = YES;
				CLANG_WARN_COMMA = YES;
				CLANG_WARN_CONSTANT_CONVERSION = YES;
				CLANG_WARN_DEPRECATED_OBJC_IMPLEMENTATIONS = YES;
				CLANG_WARN_DIRECT_OBJC_ISA_USAGE = YES_ERROR;
				CLANG_WARN_DOCUMENTATION_COMMENTS = YES;
				CLANG_WARN_EMPTY_BODY = YES;
				CLANG_WARN_ENUM_CONVERSION = YES;
				CLANG_WARN_INFINITE_RECURSION = YES;
				CLANG_WARN_INT_CONVERSION = YES;
				CLANG_WARN_NON_LITERAL_NULL_CONVERSION = YES;
				CLANG_WARN_OBJC_IMPLICIT_RETAIN_SELF = YES;
				CLANG_WARN_OBJC_LITERAL_CONVERSION = YES;
				CLANG_WARN_OBJC_ROOT_CLASS = YES_ERROR;
				CLANG_WARN_QUOTED_INCLUDE_IN_FRAMEWORK_HEADER = YES;
				CLANG_WARN_RANGE_LOOP_ANALYSIS = YES;
				CLANG_WARN_STRICT_PROTOTYPES = YES;
				CLANG_WARN_SUSPICIOUS_MOVE = YES;
				CLANG_WARN_UNGUARDED_AVAILABILITY = YES_AGGRESSIVE;
				CLANG_WARN_UNREACHABLE_CODE = YES;
				CLANG_WARN__DUPLICATE_METHOD_MATCH = YES;
				COPY_PHASE_STRIP = NO;
				DEBUG_INFORMATION_FORMAT = "dwarf-with-dsym";
				DEVELOPMENT_TEAM = HS6SZ7HUZS;
				ENABLE_NS_ASSERTIONS = NO;
				ENABLE_STRICT_OBJC_MSGSEND = YES;
				ENABLE_USER_SCRIPT_SANDBOXING = YES;
				GCC_C_LANGUAGE_STANDARD = gnu17;
				GCC_NO_COMMON_BLOCKS = YES;
				GCC_WARN_64_TO_32_BIT_CONVERSION = YES;
				GCC_WARN_ABOUT_RETURN_TYPE = YES_ERROR;
				GCC_WARN_UNDECLARED_SELECTOR = YES;
				GCC_WARN_UNINITIALIZED_AUTOS = YES_AGGRESSIVE;
				GCC_WARN_UNUSED_FUNCTION = YES;
				GCC_WARN_UNUSED_VARIABLE = YES;
				IPHONEOS_DEPLOYMENT_TARGET = 18.5;
				LOCALIZATION_PREFERS_STRING_CATALOGS = YES;
				MTL_ENABLE_DEBUG_INFO = NO;
				MTL_FAST_MATH = YES;
				SDKROOT = iphoneos;
				SWIFT_COMPILATION_MODE = wholemodule;
				VALIDATE_PRODUCT = YES;
			};
			name = Release;
		};
		09A9DAA52FC0B4BD00EB966D /* Debug */ = {
			isa = XCBuildConfiguration;
			buildSettings = {
				BUNDLE_LOADER = "$(TEST_HOST)";
				CODE_SIGN_STYLE = Automatic;
				CURRENT_PROJECT_VERSION = 1;
				DEVELOPMENT_TEAM = HS6SZ7HUZS;
				GENERATE_INFOPLIST_FILE = YES;
				IPHONEOS_DEPLOYMENT_TARGET = 18.5;
				MARKETING_VERSION = 1.0;
				PRODUCT_BUNDLE_IDENTIFIER = com.ishteharhussain.iqraTests;
				PRODUCT_NAME = "$(TARGET_NAME)";
				SWIFT_EMIT_LOC_STRINGS = NO;
				SWIFT_VERSION = 5.0;
				TARGETED_DEVICE_FAMILY = "1,2";
				TEST_HOST = "$(BUILT_PRODUCTS_DIR)/iqra.app/$(BUNDLE_EXECUTABLE_FOLDER_PATH)/iqra";
			};
			name = Debug;
		};
		09A9DAA62FC0B4BD00EB966D /* Release */ = {
			isa = XCBuildConfiguration;
			buildSettings = {
				BUNDLE_LOADER = "$(TEST_HOST)";
				CODE_SIGN_STYLE = Automatic;
				CURRENT_PROJECT_VERSION = 1;
				DEVELOPMENT_TEAM = HS6SZ7HUZS;
				GENERATE_INFOPLIST_FILE = YES;
				IPHONEOS_DEPLOYMENT_TARGET = 18.5;
				MARKETING_VERSION = 1.0;
				PRODUCT_BUNDLE_IDENTIFIER = com.ishteharhussain.iqraTests;
				PRODUCT_NAME = "$(TARGET_NAME)";
				SWIFT_EMIT_LOC_STRINGS = NO;
				SWIFT_VERSION = 5.0;
				TARGETED_DEVICE_FAMILY = "1,2";
				TEST_HOST = "$(BUILT_PRODUCTS_DIR)/iqra.app/$(BUNDLE_EXECUTABLE_FOLDER_PATH)/iqra";
			};
			name = Release;
		};
		09A9DAA82FC0B4BD00EB966D /* Debug */ = {
			isa = XCBuildConfiguration;
			buildSettings = {
				CODE_SIGN_STYLE = Automatic;
				CURRENT_PROJECT_VERSION = 1;
				DEVELOPMENT_TEAM = HS6SZ7HUZS;
				GENERATE_INFOPLIST_FILE = YES;
				MARKETING_VERSION = 1.0;
				PRODUCT_BUNDLE_IDENTIFIER = com.ishteharhussain.iqraUITests;
				PRODUCT_NAME = "$(TARGET_NAME)";
				SWIFT_EMIT_LOC_STRINGS = NO;
				SWIFT_VERSION = 5.0;
				TARGETED_DEVICE_FAMILY = "1,2";
				TEST_TARGET_NAME = iqra;
			};
			name = Debug;
		};
		09A9DAA92FC0B4BD00EB966D /* Release */ = {
			isa = XCBuildConfiguration;
			buildSettings = {
				CODE_SIGN_STYLE = Automatic;
				CURRENT_PROJECT_VERSION = 1;
				DEVELOPMENT_TEAM = HS6SZ7HUZS;
				GENERATE_INFOPLIST_FILE = YES;
				MARKETING_VERSION = 1.0;
				PRODUCT_BUNDLE_IDENTIFIER = com.ishteharhussain.iqraUITests;
				PRODUCT_NAME = "$(TARGET_NAME)";
				SWIFT_EMIT_LOC_STRINGS = NO;
				SWIFT_VERSION = 5.0;
				TARGETED_DEVICE_FAMILY = "1,2";
				TEST_TARGET_NAME = iqra;
			};
			name = Release;
		};
/* End XCBuildConfiguration section */

/* Begin XCConfigurationList section */
		09A9DA762FC0B4BC00EB966D /* Build configuration list for PBXProject "iqra" */ = {
			isa = XCConfigurationList;
			buildConfigurations = (
				09A9DAA22FC0B4BD00EB966D /* Debug */,
				09A9DAA32FC0B4BD00EB966D /* Release */,
			);
			defaultConfigurationIsVisible = 0;
			defaultConfigurationName = Release;
		};
		09A9DA9F2FC0B4BD00EB966D /* Build configuration list for PBXNativeTarget "iqra" */ = {
			isa = XCConfigurationList;
			buildConfigurations = (
				09A9DAA02FC0B4BD00EB966D /* Debug */,
				09A9DAA12FC0B4BD00EB966D /* Release */,
			);
			defaultConfigurationIsVisible = 0;
			defaultConfigurationName = Release;
		};
		09A9DAA42FC0B4BD00EB966D /* Build configuration list for PBXNativeTarget "iqraTests" */ = {
			isa = XCConfigurationList;
			buildConfigurations = (
				09A9DAA52FC0B4BD00EB966D /* Debug */,
				09A9DAA62FC0B4BD00EB966D /* Release */,
			);
			defaultConfigurationIsVisible = 0;
			defaultConfigurationName = Release;
		};
		09A9DAA72FC0B4BD00EB966D /* Build configuration list for PBXNativeTarget "iqraUITests" */ = {
			isa = XCConfigurationList;
			buildConfigurations = (
				09A9DAA82FC0B4BD00EB966D /* Debug */,
				09A9DAA92FC0B4BD00EB966D /* Release */,
			);
			defaultConfigurationIsVisible = 0;
			defaultConfigurationName = Release;
		};
/* End XCConfigurationList section */

/* Begin XCRemoteSwiftPackageReference section */
		09A9DAC72FC20A6B00EB966D /* XCRemoteSwiftPackageReference "CachedAsyncImage" */ = {
			isa = XCRemoteSwiftPackageReference;
			repositoryURL = "https://github.com/StefKors/CachedAsyncImage";
			requirement = {
				kind = upToNextMajorVersion;
				minimumVersion = 2.1.1;
			};
		};
		09A9DB152FC3DFA700EB966D /* XCRemoteSwiftPackageReference "swiftui-WrapLayout" */ = {
			isa = XCRemoteSwiftPackageReference;
			repositoryURL = "https://github.com/FluidGroup/swiftui-WrapLayout";
			requirement = {
				kind = upToNextMajorVersion;
				minimumVersion = 0.4.0;
			};
		};
/* End XCRemoteSwiftPackageReference section */

/* Begin XCSwiftPackageProductDependency section */
		09A9DAC82FC20A6B00EB966D /* CachedAsyncImage */ = {
			isa = XCSwiftPackageProductDependency;
			package = 09A9DAC72FC20A6B00EB966D /* XCRemoteSwiftPackageReference "CachedAsyncImage" */;
			productName = CachedAsyncImage;
		};
		09A9DB162FC3DFA700EB966D /* WrapLayout */ = {
			isa = XCSwiftPackageProductDependency;
			package = 09A9DB152FC3DFA700EB966D /* XCRemoteSwiftPackageReference "swiftui-WrapLayout" */;
			productName = WrapLayout;
		};
/* End XCSwiftPackageProductDependency section */
	};
	rootObject = 09A9DA732FC0B4BC00EB966D /* Project object */;
}
